lockfileVersion: 5.4

importers:

  .:
    specifiers:
      turbo: ^1.3.4
    devDependencies:
      turbo: 1.3.4

packages:

  /turbo-android-arm64/1.3.4:
    resolution: {integrity: sha512-rAbfiw5dT2rKV7L8XCL6nKwBxSz0TNknUT8F64pE+h3ESiT4y6Ow/hCdNxlb+hcee6lvZ8tB0cynXCVM5bthAA==}
    cpu: [arm64]
    os: [android]
    requiresBuild: true
    dev: true
    optional: true

  /turbo-darwin-64/1.3.4:
    resolution: {integrity: sha512-DZbRwVHH3nKOzVtijKWzkiKLLY+pBjawK90po7VRKMwdN2Db+JkWdu9+6wIqaxQ4WEYnYpwnTm0Aiyua0U/dNg==}
    cpu: [x64]
    os: [darwin]
    requiresBuild: true
    dev: true
    optional: true

  /turbo-darwin-arm64/1.3.4:
    resolution: {integrity: sha512-Qfe7iBad/XM4G22G0XAnEQnHiSUO1WR4MgvyHV022WABIf7CgGDsW6DUu/4DOWFlfTO+xCC0Qgu93w6Kli/9uw==}
    cpu: [arm64]
    os: [darwin]
    requiresBuild: true
    dev: true
    optional: true

  /turbo-freebsd-64/1.3.4:
    resolution: {integrity: sha512-lXFViR0fnoTRtnRtkeSA/10Q41h+fLgnYC62wzHNzPsq/kCYmiaXBg+gWRJom8Ka2nh+xWQdLG2Dh/uxK/+1Og==}
    cpu: [x64]
    os: [freebsd]
    requiresBuild: true
    dev: true
    optional: true

  /turbo-freebsd-arm64/1.3.4:
    resolution: {integrity: sha512-VN9gPZcRaYhQOIo+NlIDIDNlJjhnyM7i+3WvWAK8y5p5GoZoDAahM36GDX05JNjVdPq95WJPnWcxoiQvwnctxg==}
    cpu: [arm64]
    os: [freebsd]
    requiresBuild: true
    dev: true
    optional: true

  /turbo-linux-32/1.3.4:
    resolution: {integrity: sha512-h1oVx85jovYnAaP+KxSmFIPhlKFQmBwVkJBngALnHNU7HTN9+1t/VJ1WKjHEeLXrQ7ujeCMd/+TBm9XRd73RdA==}
    cpu: [ia32]
    os: [linux]
    requiresBuild: true
    dev: true
    optional: true

  /turbo-linux-64/1.3.4:
    resolution: {integrity: sha512-QJJeksggK9/s3VzS+iMTQh8gO6JLDxKBSc3qnpP1Kaq8hF+M1upfP9KhDFNguz8UEFlOvTblplNdqZdk/wtkXQ==}
    cpu: [x64]
    os: [linux]
    requiresBuild: true
    dev: true
    optional: true

  /turbo-linux-arm/1.3.4:
    resolution: {integrity: sha512-vCVDcO4KNJak//UKsss/TnJw0ywYc8OyV88ZlSWyP3WtA+9D8DJNPOKodcR8IbKuV7Tqpr+f7cP+J9jGDkHjQw==}
    cpu: [arm]
    os: [linux]
    requiresBuild: true
    dev: true
    optional: true

  /turbo-linux-arm64/1.3.4:
    resolution: {integrity: sha512-SSyUvBxZmlS44LQ2hzX5gfDlQueH1Hx5/rFS9mJZKFdgMnAB2g7btxxEvnpm0lgpfP/c3LH0VRks3xYEoQvILg==}
    cpu: [arm64]
    os: [linux]
    requiresBuild: true
    dev: true
    optional: true

  /turbo-linux-mips64le/1.3.4:
    resolution: {integrity: sha512-w7Ib7i/GZhyJRdvQSLA1Be7AOIPgJpuLLjrtT2gUl3wXd4JuiHDvhOS7E0B9izaxeD/2iygU2kQjqD4o9tejlw==}
    cpu: [mips64el]
    os: [linux]
    requiresBuild: true
    dev: true
    optional: true

  /turbo-linux-ppc64le/1.3.4:
    resolution: {integrity: sha512-xATyouJSGmfgQM6lLk4Da5HrsAw8qoPUArrBuDK1p3Rw1gcRnmlJL10mr6ZmZyRu+3o4M8UlThfus5q8eETmBw==}
    cpu: [ppc64]
    os: [linux]
    requiresBuild: true
    dev: true
    optional: true

  /turbo-windows-32/1.3.4:
    resolution: {integrity: sha512-1oXgiGxkWuC/7rlBZTng7qC2zjAZ7lYLDDh3ePAycZzp6BprlxqT5+xA0kFJo+WqGRdAQVhanlET2bLGOdBQBQ==}
    cpu: [ia32]
    os: [win32]
    requiresBuild: true
    dev: true
    optional: true

  /turbo-windows-64/1.3.4:
    resolution: {integrity: sha512-k7K/oC+399Gtwol42ALvt0espWmZZR7qlRwfgFS3BF4pEetxjGFJMXKNWUMDkOqsHhMxvLIiDbWPmY3fTIWL7g==}
    cpu: [x64]
    os: [win32]
    requiresBuild: true
    dev: true
    optional: true

  /turbo-windows-arm64/1.3.4:
    resolution: {integrity: sha512-jHBuTvQ3t/OElxn//kwHZR2mlPdmpcV7BZy+n18+wwx6ydGj5QDOrer7Dwk81YbA5KtOkp086Xpgr75T73wsSA==}
    cpu: [arm64]
    os: [win32]
    requiresBuild: true
    dev: true
    optional: true

  /turbo/1.3.4:
    resolution: {integrity: sha512-MsjlfAL29leQaIMdHGnIpK6IKZA4HwSAwDSIoBAs9EAKfAXIsnjLoF50dKDnBlaq5d4aVmiHsT6RYVcTKhSgBQ==}
    hasBin: true
    requiresBuild: true
    optionalDependencies:
      turbo-android-arm64: 1.3.4
      turbo-darwin-64: 1.3.4
      turbo-darwin-arm64: 1.3.4
      turbo-freebsd-64: 1.3.4
      turbo-freebsd-arm64: 1.3.4
      turbo-linux-32: 1.3.4
      turbo-linux-64: 1.3.4
      turbo-linux-arm: 1.3.4
      turbo-linux-arm64: 1.3.4
      turbo-linux-mips64le: 1.3.4
      turbo-linux-ppc64le: 1.3.4
      turbo-windows-32: 1.3.4
      turbo-windows-64: 1.3.4
      turbo-windows-arm64: 1.3.4
    dev: true
